{
  "object": {
    "pins": [
      {
        "package": "TCPUtils",
        "repositoryURL": "https://github.com/ConnorGibbons/TCPUtils",
        "state": {
          "branch": null,
          "revision": "8cd10bee9b0854838f77b353fd715c52d11af65d",
          "version": "1.0.2"
        }
      }
    ]
  },
  "version": 1
}
